
Microsoft Visual Studio Solution File, Format Version 12.00
# Visual Studio Version 17
VisualStudioVersion = 17.3.32901.215
MinimumVisualStudioVersion = 10.0.40219.1
Project("{FAE04EC0-301F-11D3-BF4B-00C04F79EFBC}") = "discord-secret-santa", "discord-secret-santa\discord-secret-santa.csproj", "{DAB9D903-7401-4C65-B09D-155A11D709B8}"
EndProject
Global
	GlobalSection(SolutionConfigurationPlatforms) = preSolution
		Debug|Any CPU = Debug|Any CPU
		Release|Any CPU = Release|Any CPU
	EndGlobalSection
	GlobalSection(ProjectConfigurationPlatforms) = postSolution
		{DAB9D903-7401-4C65-B09D-155A11D709B8}.Debug|Any CPU.ActiveCfg = Debug|Any CPU
		{DAB9D903-7401-4C65-B09D-155A11D709B8}.Debug|Any CPU.Build.0 = Debug|Any CPU
		{DAB9D903-7401-4C65-B09D-155A11D709B8}.Release|Any CPU.ActiveCfg = Release|Any CPU
		{DAB9D903-7401-4C65-B09D-155A11D709B8}.Release|Any CPU.Build.0 = Release|Any CPU
	EndGlobalSection
	GlobalSection(SolutionProperties) = preSolution
		HideSolutionNode = FALSE
	EndGlobalSection
	GlobalSection(ExtensibilityGlobals) = postSolution
		SolutionGuid = {601E36F6-3BD9-4FFC-88E3-5BB1C7D3981B}
	EndGlobalSection
EndGlobal
